
Microsoft Visual Studio Solution File, Format Version 12.00
# Visual Studio Version 17
VisualStudioVersion = 17.10.35013.160
MinimumVisualStudioVersion = 10.0.40219.1
Project("{FAE04EC0-301F-11D3-BF4B-00C04F79EFBC}") = "dowhile", "dowhile\dowhile.csproj", "{0D1A160C-E248-4CFA-9A43-91B707AC3330}"
EndProject
Global
	GlobalSection(SolutionConfigurationPlatforms) = preSolution
		Debug|Any CPU = Debug|Any CPU
		Release|Any CPU = Release|Any CPU
	EndGlobalSection
	GlobalSection(ProjectConfigurationPlatforms) = postSolution
		{0D1A160C-E248-4CFA-9A43-91B707AC3330}.Debug|Any CPU.ActiveCfg = Debug|Any CPU
		{0D1A160C-E248-4CFA-9A43-91B707AC3330}.Debug|Any CPU.Build.0 = Debug|Any CPU
		{0D1A160C-E248-4CFA-9A43-91B707AC3330}.Release|Any CPU.ActiveCfg = Release|Any CPU
		{0D1A160C-E248-4CFA-9A43-91B707AC3330}.Release|Any CPU.Build.0 = Release|Any CPU
	EndGlobalSection
	GlobalSection(SolutionProperties) = preSolution
		HideSolutionNode = FALSE
	EndGlobalSection
	GlobalSection(ExtensibilityGlobals) = postSolution
		SolutionGuid = {156763A3-D223-469F-9819-1D6BBBC91D6C}
	EndGlobalSection
EndGlobal
